
Microsoft Visual Studio Solution File, Format Version 12.00
# Visual Studio Version 17
VisualStudioVersion = 17.7.34018.315
MinimumVisualStudioVersion = 10.0.40219.1
Project("{FAE04EC0-301F-11D3-BF4B-00C04F79EFBC}") = "WpfView", "WpfView\WpfView.csproj", "{70A30B2D-2302-45E3-8004-37ED54EDF5F5}"
EndProject
Project("{FAE04EC0-301F-11D3-BF4B-00C04F79EFBC}") = "ViewModel", "ViewModel\ViewModel.csproj", "{0B12BDCC-9695-44FC-A550-2929C37320E0}"
EndProject
Project("{FAE04EC0-301F-11D3-BF4B-00C04F79EFBC}") = "Model", "Models\Model.csproj", "{6F1A7AF9-AEDB-4403-9B17-50DD0E810C2C}"
EndProject
Global
	GlobalSection(SolutionConfigurationPlatforms) = preSolution
		Debug|Any CPU = Debug|Any CPU
		Release|Any CPU = Release|Any CPU
	EndGlobalSection
	GlobalSection(ProjectConfigurationPlatforms) = postSolution
		{70A30B2D-2302-45E3-8004-37ED54EDF5F5}.Debug|Any CPU.ActiveCfg = Debug|Any CPU
		{70A30B2D-2302-45E3-8004-37ED54EDF5F5}.Debug|Any CPU.Build.0 = Debug|Any CPU
		{70A30B2D-2302-45E3-8004-37ED54EDF5F5}.Release|Any CPU.ActiveCfg = Release|Any CPU
		{70A30B2D-2302-45E3-8004-37ED54EDF5F5}.Release|Any CPU.Build.0 = Release|Any CPU
		{0B12BDCC-9695-44FC-A550-2929C37320E0}.Debug|Any CPU.ActiveCfg = Debug|Any CPU
		{0B12BDCC-9695-44FC-A550-2929C37320E0}.Debug|Any CPU.Build.0 = Debug|Any CPU
		{0B12BDCC-9695-44FC-A550-2929C37320E0}.Release|Any CPU.ActiveCfg = Release|Any CPU
		{0B12BDCC-9695-44FC-A550-2929C37320E0}.Release|Any CPU.Build.0 = Release|Any CPU
		{6F1A7AF9-AEDB-4403-9B17-50DD0E810C2C}.Debug|Any CPU.ActiveCfg = Debug|Any CPU
		{6F1A7AF9-AEDB-4403-9B17-50DD0E810C2C}.Debug|Any CPU.Build.0 = Debug|Any CPU
		{6F1A7AF9-AEDB-4403-9B17-50DD0E810C2C}.Release|Any CPU.ActiveCfg = Release|Any CPU
		{6F1A7AF9-AEDB-4403-9B17-50DD0E810C2C}.Release|Any CPU.Build.0 = Release|Any CPU
	EndGlobalSection
	GlobalSection(SolutionProperties) = preSolution
		HideSolutionNode = FALSE
	EndGlobalSection
	GlobalSection(ExtensibilityGlobals) = postSolution
		SolutionGuid = {85E46498-B551-4EE8-A3F4-BD2B8B0B4547}
	EndGlobalSection
EndGlobal
